
Microsoft Visual Studio Solution File, Format Version 12.00
# Visual Studio 2013
VisualStudioVersion = 12.0.30110.0
MinimumVisualStudioVersion = 10.0.40219.1
Project("{FAE04EC0-301F-11D3-BF4B-00C04F79EFBC}") = "YouMaps", "YouMaps.csproj", "{1B176622-8FF6-4A31-849A-6248EEB75E74}"
EndProject
Project("{FAE04EC0-301F-11D3-BF4B-00C04F79EFBC}") = "YouMapsWorkArounds", "..\YouMapsWorkArounds\YouMapsWorkArounds.csproj", "{90913602-2D89-4E1C-A5FD-432291930155}"
EndProject
Project("{FAE04EC0-301F-11D3-BF4B-00C04F79EFBC}") = "YouMapsPortableClassLibrary", "YouMapsPortableClassLibrary\YouMapsPortableClassLibrary.csproj", "{F8C0D459-19F0-4004-83AB-E8A3752FC4F9}"
EndProject
Global
	GlobalSection(SolutionConfigurationPlatforms) = preSolution
		Debug|Any CPU = Debug|Any CPU
		Debug|ARM = Debug|ARM
		Debug|x64 = Debug|x64
		Debug|x86 = Debug|x86
		Release|Any CPU = Release|Any CPU
		Release|ARM = Release|ARM
		Release|x64 = Release|x64
		Release|x86 = Release|x86
	EndGlobalSection
	GlobalSection(ProjectConfigurationPlatforms) = postSolution
		{1B176622-8FF6-4A31-849A-6248EEB75E74}.Debug|Any CPU.ActiveCfg = Debug|x86
		{1B176622-8FF6-4A31-849A-6248EEB75E74}.Debug|Any CPU.Build.0 = Debug|x86
		{1B176622-8FF6-4A31-849A-6248EEB75E74}.Debug|Any CPU.Deploy.0 = Debug|x86
		{1B176622-8FF6-4A31-849A-6248EEB75E74}.Debug|ARM.ActiveCfg = Debug|ARM
		{1B176622-8FF6-4A31-849A-6248EEB75E74}.Debug|ARM.Build.0 = Debug|ARM
		{1B176622-8FF6-4A31-849A-6248EEB75E74}.Debug|ARM.Deploy.0 = Debug|ARM
		{1B176622-8FF6-4A31-849A-6248EEB75E74}.Debug|x64.ActiveCfg = Debug|x64
		{1B176622-8FF6-4A31-849A-6248EEB75E74}.Debug|x64.Build.0 = Debug|x64
		{1B176622-8FF6-4A31-849A-6248EEB75E74}.Debug|x64.Deploy.0 = Debug|x64
		{1B176622-8FF6-4A31-849A-6248EEB75E74}.Debug|x86.ActiveCfg = Debug|x86
		{1B176622-8FF6-4A31-849A-6248EEB75E74}.Debug|x86.Build.0 = Debug|x86
		{1B176622-8FF6-4A31-849A-6248EEB75E74}.Debug|x86.Deploy.0 = Debug|x86
		{1B176622-8FF6-4A31-849A-6248EEB75E74}.Release|Any CPU.ActiveCfg = Release|Any CPU
		{1B176622-8FF6-4A31-849A-6248EEB75E74}.Release|Any CPU.Build.0 = Release|Any CPU
		{1B176622-8FF6-4A31-849A-6248EEB75E74}.Release|Any CPU.Deploy.0 = Release|Any CPU
		{1B176622-8FF6-4A31-849A-6248EEB75E74}.Release|ARM.ActiveCfg = Release|ARM
		{1B176622-8FF6-4A31-849A-6248EEB75E74}.Release|ARM.Build.0 = Release|ARM
		{1B176622-8FF6-4A31-849A-6248EEB75E74}.Release|ARM.Deploy.0 = Release|ARM
		{1B176622-8FF6-4A31-849A-6248EEB75E74}.Release|x64.ActiveCfg = Release|x64
		{1B176622-8FF6-4A31-849A-6248EEB75E74}.Release|x64.Build.0 = Release|x64
		{1B176622-8FF6-4A31-849A-6248EEB75E74}.Release|x64.Deploy.0 = Release|x64
		{1B176622-8FF6-4A31-849A-6248EEB75E74}.Release|x86.ActiveCfg = Release|x86
		{1B176622-8FF6-4A31-849A-6248EEB75E74}.Release|x86.Build.0 = Release|x86
		{1B176622-8FF6-4A31-849A-6248EEB75E74}.Release|x86.Deploy.0 = Release|x86
		{90913602-2D89-4E1C-A5FD-432291930155}.Debug|Any CPU.ActiveCfg = Debug|Any CPU
		{90913602-2D89-4E1C-A5FD-432291930155}.Debug|Any CPU.Build.0 = Debug|Any CPU
		{90913602-2D89-4E1C-A5FD-432291930155}.Debug|ARM.ActiveCfg = Debug|Any CPU
		{90913602-2D89-4E1C-A5FD-432291930155}.Debug|x64.ActiveCfg = Debug|Any CPU
		{90913602-2D89-4E1C-A5FD-432291930155}.Debug|x86.ActiveCfg = Debug|Any CPU
		{90913602-2D89-4E1C-A5FD-432291930155}.Release|Any CPU.ActiveCfg = Release|Any CPU
		{90913602-2D89-4E1C-A5FD-432291930155}.Release|Any CPU.Build.0 = Release|Any CPU
		{90913602-2D89-4E1C-A5FD-432291930155}.Release|ARM.ActiveCfg = Release|Any CPU
		{90913602-2D89-4E1C-A5FD-432291930155}.Release|x64.ActiveCfg = Release|Any CPU
		{90913602-2D89-4E1C-A5FD-432291930155}.Release|x86.ActiveCfg = Release|Any CPU
		{F8C0D459-19F0-4004-83AB-E8A3752FC4F9}.Debug|Any CPU.ActiveCfg = Debug|Any CPU
		{F8C0D459-19F0-4004-83AB-E8A3752FC4F9}.Debug|Any CPU.Build.0 = Debug|Any CPU
		{F8C0D459-19F0-4004-83AB-E8A3752FC4F9}.Debug|ARM.ActiveCfg = Debug|Any CPU
		{F8C0D459-19F0-4004-83AB-E8A3752FC4F9}.Debug|x64.ActiveCfg = Debug|Any CPU
		{F8C0D459-19F0-4004-83AB-E8A3752FC4F9}.Debug|x86.ActiveCfg = Debug|Any CPU
		{F8C0D459-19F0-4004-83AB-E8A3752FC4F9}.Release|Any CPU.ActiveCfg = Release|Any CPU
		{F8C0D459-19F0-4004-83AB-E8A3752FC4F9}.Release|Any CPU.Build.0 = Release|Any CPU
		{F8C0D459-19F0-4004-83AB-E8A3752FC4F9}.Release|ARM.ActiveCfg = Release|Any CPU
		{F8C0D459-19F0-4004-83AB-E8A3752FC4F9}.Release|x64.ActiveCfg = Release|Any CPU
		{F8C0D459-19F0-4004-83AB-E8A3752FC4F9}.Release|x86.ActiveCfg = Release|Any CPU
	EndGlobalSection
	GlobalSection(SolutionProperties) = preSolution
		HideSolutionNode = FALSE
	EndGlobalSection
EndGlobal
